
Microsoft Visual Studio Solution File, Format Version 12.00
# Visual Studio Version 16
VisualStudioVersion = 16.0.30523.141
MinimumVisualStudioVersion = 10.0.40219.1
Project("{FAE04EC0-301F-11D3-BF4B-00C04F79EFBC}") = "UserMaintenance", "UserMaintenance\UserMaintenance.csproj", "{C01E52E8-4A44-4893-9115-080B3498417B}"
EndProject
Global
	GlobalSection(SolutionConfigurationPlatforms) = preSolution
		Debug|Any CPU = Debug|Any CPU
		Release|Any CPU = Release|Any CPU
	EndGlobalSection
	GlobalSection(ProjectConfigurationPlatforms) = postSolution
		{C01E52E8-4A44-4893-9115-080B3498417B}.Debug|Any CPU.ActiveCfg = Debug|Any CPU
		{C01E52E8-4A44-4893-9115-080B3498417B}.Debug|Any CPU.Build.0 = Debug|Any CPU
		{C01E52E8-4A44-4893-9115-080B3498417B}.Release|Any CPU.ActiveCfg = Release|Any CPU
		{C01E52E8-4A44-4893-9115-080B3498417B}.Release|Any CPU.Build.0 = Release|Any CPU
	EndGlobalSection
	GlobalSection(SolutionProperties) = preSolution
		HideSolutionNode = FALSE
	EndGlobalSection
	GlobalSection(ExtensibilityGlobals) = postSolution
		SolutionGuid = {3005CF91-F788-4D3F-9846-5852EF1D7E5D}
	EndGlobalSection
EndGlobal
